
Microsoft Visual Studio Solution File, Format Version 12.00
# Visual Studio Version 16
VisualStudioVersion = 16.0.30907.101
MinimumVisualStudioVersion = 10.0.40219.1
Project("{FAE04EC0-301F-11D3-BF4B-00C04F79EFBC}") = "Cambios", "Cambios\Cambios.csproj", "{82871874-8E22-4529-A30E-AEB3248671DA}"
EndProject
Global
	GlobalSection(SolutionConfigurationPlatforms) = preSolution
		Debug|Any CPU = Debug|Any CPU
		Release|Any CPU = Release|Any CPU
	EndGlobalSection
	GlobalSection(ProjectConfigurationPlatforms) = postSolution
		{82871874-8E22-4529-A30E-AEB3248671DA}.Debug|Any CPU.ActiveCfg = Debug|Any CPU
		{82871874-8E22-4529-A30E-AEB3248671DA}.Debug|Any CPU.Build.0 = Debug|Any CPU
		{82871874-8E22-4529-A30E-AEB3248671DA}.Release|Any CPU.ActiveCfg = Release|Any CPU
		{82871874-8E22-4529-A30E-AEB3248671DA}.Release|Any CPU.Build.0 = Release|Any CPU
	EndGlobalSection
	GlobalSection(SolutionProperties) = preSolution
		HideSolutionNode = FALSE
	EndGlobalSection
	GlobalSection(ExtensibilityGlobals) = postSolution
		SolutionGuid = {2546C029-B6E4-48F6-A9C2-971A730AEE0C}
	EndGlobalSection
EndGlobal
